
Microsoft Visual Studio Solution File, Format Version 12.00
# Visual Studio Version 17
VisualStudioVersion = 17.11.35219.272
MinimumVisualStudioVersion = 10.0.40219.1
Project("{FAE04EC0-301F-11D3-BF4B-00C04F79EFBC}") = "C#GenericCrudService", "C#GenericCrudService\C#GenericCrudService.csproj", "{ADDFAF73-5565-4963-9D59-DF326E323CB8}"
EndProject
Global
	GlobalSection(SolutionConfigurationPlatforms) = preSolution
		Debug|Any CPU = Debug|Any CPU
		Release|Any CPU = Release|Any CPU
	EndGlobalSection
	GlobalSection(ProjectConfigurationPlatforms) = postSolution
		{ADDFAF73-5565-4963-9D59-DF326E323CB8}.Debug|Any CPU.ActiveCfg = Debug|Any CPU
		{ADDFAF73-5565-4963-9D59-DF326E323CB8}.Debug|Any CPU.Build.0 = Debug|Any CPU
		{ADDFAF73-5565-4963-9D59-DF326E323CB8}.Release|Any CPU.ActiveCfg = Release|Any CPU
		{ADDFAF73-5565-4963-9D59-DF326E323CB8}.Release|Any CPU.Build.0 = Release|Any CPU
	EndGlobalSection
	GlobalSection(SolutionProperties) = preSolution
		HideSolutionNode = FALSE
	EndGlobalSection
	GlobalSection(ExtensibilityGlobals) = postSolution
		SolutionGuid = {87BE12E8-D17E-4353-B344-4DBA658E8B21}
	EndGlobalSection
EndGlobal
